
Microsoft Visual Studio Solution File, Format Version 12.00
# Visual Studio Version 17
VisualStudioVersion = 17.1.32210.238
MinimumVisualStudioVersion = 10.0.40219.1
Project("{8BC9CEB8-8B4A-11D0-8D11-00A0C91BC942}") = "TrickOfThreeD", "TrickOfThreeD.vcxproj", "{1F7BA7F3-4C12-4A9F-8B2F-F128FD4ADC37}"
EndProject
Global
	GlobalSection(SolutionConfigurationPlatforms) = preSolution
		Debug|x64 = Debug|x64
		Debug|x86 = Debug|x86
		Release|x64 = Release|x64
		Release|x86 = Release|x86
	EndGlobalSection
	GlobalSection(ProjectConfigurationPlatforms) = postSolution
		{1F7BA7F3-4C12-4A9F-8B2F-F128FD4ADC37}.Debug|x64.ActiveCfg = Debug|x64
		{1F7BA7F3-4C12-4A9F-8B2F-F128FD4ADC37}.Debug|x64.Build.0 = Debug|x64
		{1F7BA7F3-4C12-4A9F-8B2F-F128FD4ADC37}.Debug|x86.ActiveCfg = Debug|Win32
		{1F7BA7F3-4C12-4A9F-8B2F-F128FD4ADC37}.Debug|x86.Build.0 = Debug|Win32
		{1F7BA7F3-4C12-4A9F-8B2F-F128FD4ADC37}.Release|x64.ActiveCfg = Release|x64
		{1F7BA7F3-4C12-4A9F-8B2F-F128FD4ADC37}.Release|x64.Build.0 = Release|x64
		{1F7BA7F3-4C12-4A9F-8B2F-F128FD4ADC37}.Release|x86.ActiveCfg = Release|Win32
		{1F7BA7F3-4C12-4A9F-8B2F-F128FD4ADC37}.Release|x86.Build.0 = Release|Win32
	EndGlobalSection
	GlobalSection(SolutionProperties) = preSolution
		HideSolutionNode = FALSE
	EndGlobalSection
	GlobalSection(ExtensibilityGlobals) = postSolution
		SolutionGuid = {133ACA8A-83D2-424C-B79C-E382E829E5F1}
	EndGlobalSection
EndGlobal
